
Microsoft Visual Studio Solution File, Format Version 12.00
# Visual Studio Version 17
VisualStudioVersion = 17.5.2.0
MinimumVisualStudioVersion = 10.0.40219.1
Project("{FAE04EC0-301F-11D3-BF4B-00C04F79EFBC}") = "WebApp", "WebApp\WebApp.csproj", "{3215F6CF-A442-1C21-6AD3-94ED23F4EBA5}"
EndProject
Project("{FAE04EC0-301F-11D3-BF4B-00C04F79EFBC}") = "Library.Core", "Library.Core\Library.Core.csproj", "{686A8C02-C323-4D24-8AF2-91CD5E09690D}"
EndProject
Project("{FAE04EC0-301F-11D3-BF4B-00C04F79EFBC}") = "Library.Data", "Library.Data\Library.Data.csproj", "{E13601CD-8DF4-42CC-9B52-30B73F164219}"
EndProject
Project("{FAE04EC0-301F-11D3-BF4B-00C04F79EFBC}") = "Library.Service", "Library.Service\Library.Service.csproj", "{3FD751FF-6A57-4895-B8DD-82F398FA4FB1}"
EndProject
Global
	GlobalSection(SolutionConfigurationPlatforms) = preSolution
		Debug|Any CPU = Debug|Any CPU
		Debug|x64 = Debug|x64
		Debug|x86 = Debug|x86
		Release|Any CPU = Release|Any CPU
		Release|x64 = Release|x64
		Release|x86 = Release|x86
	EndGlobalSection
	GlobalSection(ProjectConfigurationPlatforms) = postSolution
		{3215F6CF-A442-1C21-6AD3-94ED23F4EBA5}.Debug|Any CPU.ActiveCfg = Debug|Any CPU
		{3215F6CF-A442-1C21-6AD3-94ED23F4EBA5}.Debug|Any CPU.Build.0 = Debug|Any CPU
		{3215F6CF-A442-1C21-6AD3-94ED23F4EBA5}.Debug|x64.ActiveCfg = Debug|Any CPU
		{3215F6CF-A442-1C21-6AD3-94ED23F4EBA5}.Debug|x64.Build.0 = Debug|Any CPU
		{3215F6CF-A442-1C21-6AD3-94ED23F4EBA5}.Debug|x86.ActiveCfg = Debug|Any CPU
		{3215F6CF-A442-1C21-6AD3-94ED23F4EBA5}.Debug|x86.Build.0 = Debug|Any CPU
		{3215F6CF-A442-1C21-6AD3-94ED23F4EBA5}.Release|Any CPU.ActiveCfg = Release|Any CPU
		{3215F6CF-A442-1C21-6AD3-94ED23F4EBA5}.Release|Any CPU.Build.0 = Release|Any CPU
		{3215F6CF-A442-1C21-6AD3-94ED23F4EBA5}.Release|x64.ActiveCfg = Release|Any CPU
		{3215F6CF-A442-1C21-6AD3-94ED23F4EBA5}.Release|x64.Build.0 = Release|Any CPU
		{3215F6CF-A442-1C21-6AD3-94ED23F4EBA5}.Release|x86.ActiveCfg = Release|Any CPU
		{3215F6CF-A442-1C21-6AD3-94ED23F4EBA5}.Release|x86.Build.0 = Release|Any CPU
		{686A8C02-C323-4D24-8AF2-91CD5E09690D}.Debug|Any CPU.ActiveCfg = Debug|Any CPU
		{686A8C02-C323-4D24-8AF2-91CD5E09690D}.Debug|Any CPU.Build.0 = Debug|Any CPU
		{686A8C02-C323-4D24-8AF2-91CD5E09690D}.Debug|x64.ActiveCfg = Debug|Any CPU
		{686A8C02-C323-4D24-8AF2-91CD5E09690D}.Debug|x64.Build.0 = Debug|Any CPU
		{686A8C02-C323-4D24-8AF2-91CD5E09690D}.Debug|x86.ActiveCfg = Debug|Any CPU
		{686A8C02-C323-4D24-8AF2-91CD5E09690D}.Debug|x86.Build.0 = Debug|Any CPU
		{686A8C02-C323-4D24-8AF2-91CD5E09690D}.Release|Any CPU.ActiveCfg = Release|Any CPU
		{686A8C02-C323-4D24-8AF2-91CD5E09690D}.Release|Any CPU.Build.0 = Release|Any CPU
		{686A8C02-C323-4D24-8AF2-91CD5E09690D}.Release|x64.ActiveCfg = Release|Any CPU
		{686A8C02-C323-4D24-8AF2-91CD5E09690D}.Release|x64.Build.0 = Release|Any CPU
		{686A8C02-C323-4D24-8AF2-91CD5E09690D}.Release|x86.ActiveCfg = Release|Any CPU
		{686A8C02-C323-4D24-8AF2-91CD5E09690D}.Release|x86.Build.0 = Release|Any CPU
		{E13601CD-8DF4-42CC-9B52-30B73F164219}.Debug|Any CPU.ActiveCfg = Debug|Any CPU
		{E13601CD-8DF4-42CC-9B52-30B73F164219}.Debug|Any CPU.Build.0 = Debug|Any CPU
		{E13601CD-8DF4-42CC-9B52-30B73F164219}.Debug|x64.ActiveCfg = Debug|Any CPU
		{E13601CD-8DF4-42CC-9B52-30B73F164219}.Debug|x64.Build.0 = Debug|Any CPU
		{E13601CD-8DF4-42CC-9B52-30B73F164219}.Debug|x86.ActiveCfg = Debug|Any CPU
		{E13601CD-8DF4-42CC-9B52-30B73F164219}.Debug|x86.Build.0 = Debug|Any CPU
		{E13601CD-8DF4-42CC-9B52-30B73F164219}.Release|Any CPU.ActiveCfg = Release|Any CPU
		{E13601CD-8DF4-42CC-9B52-30B73F164219}.Release|Any CPU.Build.0 = Release|Any CPU
		{E13601CD-8DF4-42CC-9B52-30B73F164219}.Release|x64.ActiveCfg = Release|Any CPU
		{E13601CD-8DF4-42CC-9B52-30B73F164219}.Release|x64.Build.0 = Release|Any CPU
		{E13601CD-8DF4-42CC-9B52-30B73F164219}.Release|x86.ActiveCfg = Release|Any CPU
		{E13601CD-8DF4-42CC-9B52-30B73F164219}.Release|x86.Build.0 = Release|Any CPU
		{3FD751FF-6A57-4895-B8DD-82F398FA4FB1}.Debug|Any CPU.ActiveCfg = Debug|Any CPU
		{3FD751FF-6A57-4895-B8DD-82F398FA4FB1}.Debug|Any CPU.Build.0 = Debug|Any CPU
		{3FD751FF-6A57-4895-B8DD-82F398FA4FB1}.Debug|x64.ActiveCfg = Debug|Any CPU
		{3FD751FF-6A57-4895-B8DD-82F398FA4FB1}.Debug|x64.Build.0 = Debug|Any CPU
		{3FD751FF-6A57-4895-B8DD-82F398FA4FB1}.Debug|x86.ActiveCfg = Debug|Any CPU
		{3FD751FF-6A57-4895-B8DD-82F398FA4FB1}.Debug|x86.Build.0 = Debug|Any CPU
		{3FD751FF-6A57-4895-B8DD-82F398FA4FB1}.Release|Any CPU.ActiveCfg = Release|Any CPU
		{3FD751FF-6A57-4895-B8DD-82F398FA4FB1}.Release|Any CPU.Build.0 = Release|Any CPU
		{3FD751FF-6A57-4895-B8DD-82F398FA4FB1}.Release|x64.ActiveCfg = Release|Any CPU
		{3FD751FF-6A57-4895-B8DD-82F398FA4FB1}.Release|x64.Build.0 = Release|Any CPU
		{3FD751FF-6A57-4895-B8DD-82F398FA4FB1}.Release|x86.ActiveCfg = Release|Any CPU
		{3FD751FF-6A57-4895-B8DD-82F398FA4FB1}.Release|x86.Build.0 = Release|Any CPU
	EndGlobalSection
	GlobalSection(SolutionProperties) = preSolution
		HideSolutionNode = FALSE
	EndGlobalSection
	GlobalSection(ExtensibilityGlobals) = postSolution
		SolutionGuid = {EFF814D6-3535-4320-AC6F-BA7392983E76}
	EndGlobalSection
EndGlobal
